
Microsoft Visual Studio Solution File, Format Version 12.00
# Visual Studio Version 16
VisualStudioVersion = 16.0.29709.97
MinimumVisualStudioVersion = 10.0.40219.1
Project("{888888A0-9F3D-457C-B088-3A5042F75D52}") = "CBot", "CBot.pyproj", "{6FF7E437-5790-4FBD-A2F9-57EEC9AB8061}"
EndProject
Global
	GlobalSection(SolutionConfigurationPlatforms) = preSolution
		Debug|Any CPU = Debug|Any CPU
		Release|Any CPU = Release|Any CPU
	EndGlobalSection
	GlobalSection(ProjectConfigurationPlatforms) = postSolution
		{6FF7E437-5790-4FBD-A2F9-57EEC9AB8061}.Debug|Any CPU.ActiveCfg = Debug|Any CPU
		{6FF7E437-5790-4FBD-A2F9-57EEC9AB8061}.Debug|Any CPU.Build.0 = Debug|Any CPU
		{6FF7E437-5790-4FBD-A2F9-57EEC9AB8061}.Release|Any CPU.ActiveCfg = Release|Any CPU
		{6FF7E437-5790-4FBD-A2F9-57EEC9AB8061}.Release|Any CPU.Build.0 = Release|Any CPU
	EndGlobalSection
	GlobalSection(SolutionProperties) = preSolution
		HideSolutionNode = FALSE
	EndGlobalSection
	GlobalSection(ExtensibilityGlobals) = postSolution
		SolutionGuid = {3B6A04FE-5CA1-4DB2-B06F-717BF5C8AE3A}
	EndGlobalSection
EndGlobal
